
Microsoft Visual Studio Solution File, Format Version 12.00
# Visual Studio Version 17
VisualStudioVersion = 17.6.33723.286
MinimumVisualStudioVersion = 10.0.40219.1
Project("{FAE04EC0-301F-11D3-BF4B-00C04F79EFBC}") = "ExchangeText", "ExchangeText\ExchangeText.csproj", "{5EBE4AF6-8219-45BE-9D1F-C8D9D5498FBC}"
EndProject
Global
	GlobalSection(SolutionConfigurationPlatforms) = preSolution
		Debug|Any CPU = Debug|Any CPU
		Release|Any CPU = Release|Any CPU
	EndGlobalSection
	GlobalSection(ProjectConfigurationPlatforms) = postSolution
		{5EBE4AF6-8219-45BE-9D1F-C8D9D5498FBC}.Debug|Any CPU.ActiveCfg = Debug|Any CPU
		{5EBE4AF6-8219-45BE-9D1F-C8D9D5498FBC}.Debug|Any CPU.Build.0 = Debug|Any CPU
		{5EBE4AF6-8219-45BE-9D1F-C8D9D5498FBC}.Release|Any CPU.ActiveCfg = Release|Any CPU
		{5EBE4AF6-8219-45BE-9D1F-C8D9D5498FBC}.Release|Any CPU.Build.0 = Release|Any CPU
	EndGlobalSection
	GlobalSection(SolutionProperties) = preSolution
		HideSolutionNode = FALSE
	EndGlobalSection
	GlobalSection(ExtensibilityGlobals) = postSolution
		SolutionGuid = {EE617A3B-49FC-4278-BEE1-7795A07B5DE4}
	EndGlobalSection
EndGlobal
